
Microsoft Visual Studio Solution File, Format Version 12.00
# Visual Studio 15
VisualStudioVersion = 15.0.26730.15
MinimumVisualStudioVersion = 10.0.40219.1
Project("{FAE04EC0-301F-11D3-BF4B-00C04F79EFBC}") = "ToDo App", "ToDo App\ToDo App.csproj", "{DE3C8441-C411-445C-ACF0-3363DBA9CB42}"
EndProject
Global
	GlobalSection(SolutionConfigurationPlatforms) = preSolution
		Debug|Any CPU = Debug|Any CPU
		Release|Any CPU = Release|Any CPU
	EndGlobalSection
	GlobalSection(ProjectConfigurationPlatforms) = postSolution
		{DE3C8441-C411-445C-ACF0-3363DBA9CB42}.Debug|Any CPU.ActiveCfg = Debug|Any CPU
		{DE3C8441-C411-445C-ACF0-3363DBA9CB42}.Debug|Any CPU.Build.0 = Debug|Any CPU
		{DE3C8441-C411-445C-ACF0-3363DBA9CB42}.Release|Any CPU.ActiveCfg = Release|Any CPU
		{DE3C8441-C411-445C-ACF0-3363DBA9CB42}.Release|Any CPU.Build.0 = Release|Any CPU
	EndGlobalSection
	GlobalSection(SolutionProperties) = preSolution
		HideSolutionNode = FALSE
	EndGlobalSection
	GlobalSection(ExtensibilityGlobals) = postSolution
		SolutionGuid = {7F6EE781-6C96-4260-AFA0-55C682B14E0F}
	EndGlobalSection
EndGlobal
